
Microsoft Visual Studio Solution File, Format Version 11.00
# Visual Studio 2010
Project("{FAE04EC0-301F-11D3-BF4B-00C04F79EFBC}") = "beyond_re", "Assembly-CSharp-firstpass.csproj", "{DD3A108F-59ED-32DA-1C62-46B23A9F64DD}"
EndProject
Project("{FAE04EC0-301F-11D3-BF4B-00C04F79EFBC}") = "beyond_re", "Assembly-CSharp.csproj", "{BE57E390-6A0E-9169-C449-48372E9AE83C}"
EndProject
Project("{FAE04EC0-301F-11D3-BF4B-00C04F79EFBC}") = "beyond_re", "Assembly-CSharp-Editor-firstpass.csproj", "{08CBE345-81FC-FE16-7871-6FFB572D2AE1}"
EndProject
Global
	GlobalSection(SolutionConfigurationPlatforms) = preSolution
		Debug|Any CPU = Debug|Any CPU
		Release|Any CPU = Release|Any CPU
	EndGlobalSection
	GlobalSection(ProjectConfigurationPlatforms) = postSolution
		{DD3A108F-59ED-32DA-1C62-46B23A9F64DD}.Debug|Any CPU.ActiveCfg = Debug|Any CPU
		{DD3A108F-59ED-32DA-1C62-46B23A9F64DD}.Debug|Any CPU.Build.0 = Debug|Any CPU
		{DD3A108F-59ED-32DA-1C62-46B23A9F64DD}.Release|Any CPU.ActiveCfg = Release|Any CPU
		{DD3A108F-59ED-32DA-1C62-46B23A9F64DD}.Release|Any CPU.Build.0 = Release|Any CPU
		{BE57E390-6A0E-9169-C449-48372E9AE83C}.Debug|Any CPU.ActiveCfg = Debug|Any CPU
		{BE57E390-6A0E-9169-C449-48372E9AE83C}.Debug|Any CPU.Build.0 = Debug|Any CPU
		{BE57E390-6A0E-9169-C449-48372E9AE83C}.Release|Any CPU.ActiveCfg = Release|Any CPU
		{BE57E390-6A0E-9169-C449-48372E9AE83C}.Release|Any CPU.Build.0 = Release|Any CPU
		{08CBE345-81FC-FE16-7871-6FFB572D2AE1}.Debug|Any CPU.ActiveCfg = Debug|Any CPU
		{08CBE345-81FC-FE16-7871-6FFB572D2AE1}.Debug|Any CPU.Build.0 = Debug|Any CPU
		{08CBE345-81FC-FE16-7871-6FFB572D2AE1}.Release|Any CPU.ActiveCfg = Release|Any CPU
		{08CBE345-81FC-FE16-7871-6FFB572D2AE1}.Release|Any CPU.Build.0 = Release|Any CPU
	EndGlobalSection
	GlobalSection(SolutionProperties) = preSolution
		HideSolutionNode = FALSE
	EndGlobalSection
	GlobalSection(MonoDevelopProperties) = preSolution
		StartupItem = Assembly-CSharp.csproj
	EndGlobalSection
EndGlobal
